
Microsoft Visual Studio Solution File, Format Version 12.00
# Visual Studio Version 17
VisualStudioVersion = 17.0.31903.59
MinimumVisualStudioVersion = 10.0.40219.1
Project("{2150E333-8FDC-42A3-9474-1A3956D46DE8}") = "src", "src", "{827E0CD3-B72D-47B6-A68D-7590B98EB39B}"
EndProject
Project("{FAE04EC0-301F-11D3-BF4B-00C04F79EFBC}") = "Detektor", "src\Detektor\Detektor.csproj", "{5079E930-9048-4071-86E7-BA106142AF15}"
EndProject
Project("{FAE04EC0-301F-11D3-BF4B-00C04F79EFBC}") = "Detektor.OpenPAKT", "src\Detektor.OpenPAKT\Detektor.OpenPAKT.csproj", "{03B889CC-755E-4C4C-BB0F-0E44FDC05D85}"
EndProject
Project("{2150E333-8FDC-42A3-9474-1A3956D46DE8}") = "tests", "tests", "{0AB3BF05-4346-4AA6-1389-037BE0695223}"
EndProject
Project("{FAE04EC0-301F-11D3-BF4B-00C04F79EFBC}") = "Detektor.Tests", "tests\Detektor.Tests\Detektor.Tests.csproj", "{6FA737B3-29B7-4D19-94D0-288DF2CB4C3C}"
EndProject
Global
	GlobalSection(SolutionConfigurationPlatforms) = preSolution
		Debug|Any CPU = Debug|Any CPU
		Debug|x64 = Debug|x64
		Debug|x86 = Debug|x86
		Release|Any CPU = Release|Any CPU
		Release|x64 = Release|x64
		Release|x86 = Release|x86
	EndGlobalSection
	GlobalSection(ProjectConfigurationPlatforms) = postSolution
		{5079E930-9048-4071-86E7-BA106142AF15}.Debug|Any CPU.ActiveCfg = Debug|Any CPU
		{5079E930-9048-4071-86E7-BA106142AF15}.Debug|Any CPU.Build.0 = Debug|Any CPU
		{5079E930-9048-4071-86E7-BA106142AF15}.Debug|x64.ActiveCfg = Debug|Any CPU
		{5079E930-9048-4071-86E7-BA106142AF15}.Debug|x64.Build.0 = Debug|Any CPU
		{5079E930-9048-4071-86E7-BA106142AF15}.Debug|x86.ActiveCfg = Debug|Any CPU
		{5079E930-9048-4071-86E7-BA106142AF15}.Debug|x86.Build.0 = Debug|Any CPU
		{5079E930-9048-4071-86E7-BA106142AF15}.Release|Any CPU.ActiveCfg = Release|Any CPU
		{5079E930-9048-4071-86E7-BA106142AF15}.Release|Any CPU.Build.0 = Release|Any CPU
		{5079E930-9048-4071-86E7-BA106142AF15}.Release|x64.ActiveCfg = Release|Any CPU
		{5079E930-9048-4071-86E7-BA106142AF15}.Release|x64.Build.0 = Release|Any CPU
		{5079E930-9048-4071-86E7-BA106142AF15}.Release|x86.ActiveCfg = Release|Any CPU
		{5079E930-9048-4071-86E7-BA106142AF15}.Release|x86.Build.0 = Release|Any CPU
		{03B889CC-755E-4C4C-BB0F-0E44FDC05D85}.Debug|Any CPU.ActiveCfg = Debug|Any CPU
		{03B889CC-755E-4C4C-BB0F-0E44FDC05D85}.Debug|Any CPU.Build.0 = Debug|Any CPU
		{03B889CC-755E-4C4C-BB0F-0E44FDC05D85}.Debug|x64.ActiveCfg = Debug|Any CPU
		{03B889CC-755E-4C4C-BB0F-0E44FDC05D85}.Debug|x64.Build.0 = Debug|Any CPU
		{03B889CC-755E-4C4C-BB0F-0E44FDC05D85}.Debug|x86.ActiveCfg = Debug|Any CPU
		{03B889CC-755E-4C4C-BB0F-0E44FDC05D85}.Debug|x86.Build.0 = Debug|Any CPU
		{03B889CC-755E-4C4C-BB0F-0E44FDC05D85}.Release|Any CPU.ActiveCfg = Release|Any CPU
		{03B889CC-755E-4C4C-BB0F-0E44FDC05D85}.Release|Any CPU.Build.0 = Release|Any CPU
		{03B889CC-755E-4C4C-BB0F-0E44FDC05D85}.Release|x64.ActiveCfg = Release|Any CPU
		{03B889CC-755E-4C4C-BB0F-0E44FDC05D85}.Release|x64.Build.0 = Release|Any CPU
		{03B889CC-755E-4C4C-BB0F-0E44FDC05D85}.Release|x86.ActiveCfg = Release|Any CPU
		{03B889CC-755E-4C4C-BB0F-0E44FDC05D85}.Release|x86.Build.0 = Release|Any CPU
		{6FA737B3-29B7-4D19-94D0-288DF2CB4C3C}.Debug|Any CPU.ActiveCfg = Debug|Any CPU
		{6FA737B3-29B7-4D19-94D0-288DF2CB4C3C}.Debug|Any CPU.Build.0 = Debug|Any CPU
		{6FA737B3-29B7-4D19-94D0-288DF2CB4C3C}.Debug|x64.ActiveCfg = Debug|Any CPU
		{6FA737B3-29B7-4D19-94D0-288DF2CB4C3C}.Debug|x64.Build.0 = Debug|Any CPU
		{6FA737B3-29B7-4D19-94D0-288DF2CB4C3C}.Debug|x86.ActiveCfg = Debug|Any CPU
		{6FA737B3-29B7-4D19-94D0-288DF2CB4C3C}.Debug|x86.Build.0 = Debug|Any CPU
		{6FA737B3-29B7-4D19-94D0-288DF2CB4C3C}.Release|Any CPU.ActiveCfg = Release|Any CPU
		{6FA737B3-29B7-4D19-94D0-288DF2CB4C3C}.Release|Any CPU.Build.0 = Release|Any CPU
		{6FA737B3-29B7-4D19-94D0-288DF2CB4C3C}.Release|x64.ActiveCfg = Release|Any CPU
		{6FA737B3-29B7-4D19-94D0-288DF2CB4C3C}.Release|x64.Build.0 = Release|Any CPU
		{6FA737B3-29B7-4D19-94D0-288DF2CB4C3C}.Release|x86.ActiveCfg = Release|Any CPU
		{6FA737B3-29B7-4D19-94D0-288DF2CB4C3C}.Release|x86.Build.0 = Release|Any CPU
	EndGlobalSection
	GlobalSection(SolutionProperties) = preSolution
		HideSolutionNode = FALSE
	EndGlobalSection
	GlobalSection(NestedProjects) = preSolution
		{5079E930-9048-4071-86E7-BA106142AF15} = {827E0CD3-B72D-47B6-A68D-7590B98EB39B}
		{03B889CC-755E-4C4C-BB0F-0E44FDC05D85} = {827E0CD3-B72D-47B6-A68D-7590B98EB39B}
		{6FA737B3-29B7-4D19-94D0-288DF2CB4C3C} = {0AB3BF05-4346-4AA6-1389-037BE0695223}
	EndGlobalSection
EndGlobal
